<?xml version="1.0" encoding="utf-8"?>
<Project ToolsVersion="4.0" xmlns="http://schemas.microsoft.com/developer/msbuild/2003">
  <ItemGroup>
    <ClCompile Include="source\main.cpp" />
    <ClCompile Include="source\platform\input.cpp">
      <Filter>platform</Filter>
    </ClCompile>
    <ClCompile Include="source\platform\timer.cpp">
      <Filter>platform</Filter>
    </ClCompile>
    <ClCompile Include="source\platform\window.cpp">
      <Filter>platform</Filter>
    </ClCompile>
    <ClCompile Include="source\engine_test.cpp" />
    <ClCompile Include="source\platform\sdl_init.cpp">
      <Filter>platform</Filter>
    </ClCompile>
    <ClCompile Include="source\render\engine_dx.cpp">
      <Filter>render</Filter>
    </ClCompile>
    <ClCompile Include="source\render\shader_dx.cpp">
      <Filter>render</Filter>
    </ClCompile>
    <ClCompile Include="source\render\utility_dx.cpp">
      <Filter>render</Filter>
    </ClCompile>
    <ClCompile Include="source\utility.cpp">
      <Filter>utility</Filter>
    </ClCompile>
    <ClCompile Include="source\thread_pool.cpp" />
    <ClCompile Include="spatial_hash.cpp" />
  </ItemGroup>
  <ItemGroup>
    <Filter Include="platform">
      <UniqueIdentifier>{17464240-5c91-4eea-87de-4bc753d877b0}</UniqueIdentifier>
    </Filter>
    <Filter Include="references">
      <UniqueIdentifier>{8431bcf0-407f-479e-ba24-571067fe517b}</UniqueIdentifier>
    </Filter>
    <Filter Include="render">
      <UniqueIdentifier>{2204abf7-085e-46ed-a773-e1a7ac2fa36f}</UniqueIdentifier>
    </Filter>
    <Filter Include="render\shaders">
      <UniqueIdentifier>{7674c795-7c28-4cdf-89fd-b98dd1cf4c73}</UniqueIdentifier>
    </Filter>
    <Filter Include="sprites">
      <UniqueIdentifier>{69668c9f-acc6-497a-bfc7-afc85778505d}</UniqueIdentifier>
    </Filter>
    <Filter Include="particle system">
      <UniqueIdentifier>{324ca033-842b-457d-9b52-a96622fa6ba9}</UniqueIdentifier>
    </Filter>
    <Filter Include="utility">
      <UniqueIdentifier>{41801700-7dc7-4aef-947f-c943d74127ad}</UniqueIdentifier>
    </Filter>
    <Filter Include="simulation">
      <UniqueIdentifier>{9ba459d3-388d-42f4-be34-d50c236bec33}</UniqueIdentifier>
    </Filter>
    <Filter Include="NewFilter1">
      <UniqueIdentifier>{76cf88ce-2517-43b1-a0a0-95db5966aa39}</UniqueIdentifier>
    </Filter>
  </ItemGroup>
  <ItemGroup>
    <ClInclude Include="source\platform\input.h">
      <Filter>platform</Filter>
    </ClInclude>
    <ClInclude Include="source\platform\timer.h">
      <Filter>platform</Filter>
    </ClInclude>
    <ClInclude Include="source\platform\window.h">
      <Filter>platform</Filter>
    </ClInclude>
    <ClInclude Include="source\engine_test.h" />
    <ClInclude Include="source\platform\sdl_init.h">
      <Filter>platform</Filter>
    </ClInclude>
    <ClInclude Include="source\render\engine_dx.h">
      <Filter>render</Filter>
    </ClInclude>
    <ClInclude Include="source\render\shader_dx.h">
      <Filter>render</Filter>
    </ClInclude>
    <ClInclude Include="source\render\utility_dx.h">
      <Filter>render</Filter>
    </ClInclude>
    <ClInclude Include="source\utility.h">
      <Filter>utility</Filter>
    </ClInclude>
    <ClInclude Include="source\circle_gpu.h">
      <Filter>simulation</Filter>
    </ClInclude>
    <ClInclude Include="source\sim_config.h">
      <Filter>simulation</Filter>
    </ClInclude>
    <ClInclude Include="source\thread_pool.h" />
    <ClInclude Include="spatial_hash.h" />
  </ItemGroup>
  <ItemGroup>
    <CustomBuild Include="references\SDL2.ref">
      <Filter>references</Filter>
    </CustomBuild>
    <CustomBuild Include="references\libpng16.ref">
      <Filter>references</Filter>
    </CustomBuild>
  </ItemGroup>
  <ItemGroup>
    <FxCompile Include="source\render\shaders\circle_gs.hlsl">
      <Filter>render\shaders</Filter>
    </FxCompile>
    <FxCompile Include="source\render\shaders\circle_ps.hlsl">
      <Filter>render\shaders</Filter>
    </FxCompile>
    <FxCompile Include="source\render\shaders\circle_vs.hlsl">
      <Filter>render\shaders</Filter>
    </FxCompile>
  </ItemGroup>
</Project>